<<<<<<< HEAD
{
    "name": "First_project",
    "version": "1.0.0",
    "lockfileVersion": 2,
    "requires": true,
    "packages": {
        "": {
            "name": "First_project",
            "version": "1.0.0",
            "license": "ISC"
        }
    }
}
=======
{
    "name": "First_project",
    "version": "1.0.0",
    "lockfileVersion": 2,
    "requires": true,
    "packages": {
        "": {
            "name": "First_project",
            "version": "1.0.0",
            "license": "ISC"
        }
    }
}
>>>>>>> 67d7566a5e7f13b5acbcd44e33dbe2540914319f
